
Microsoft Visual Studio Solution File, Format Version 12.00
# Visual Studio Version 17
VisualStudioVersion = 17.13.35931.197 d17.13
MinimumVisualStudioVersion = 10.0.40219.1
Project("{FAE04EC0-301F-11D3-BF4B-00C04F79EFBC}") = "KutuphaneKayıtSistemi", "KutuphaneKayıtSistemi\KutuphaneKayıtSistemi.csproj", "{ABBF6198-BD7C-4BCE-9A16-4E66ADBC5843}"
EndProject
Global
	GlobalSection(SolutionConfigurationPlatforms) = preSolution
		Debug|Any CPU = Debug|Any CPU
		Release|Any CPU = Release|Any CPU
	EndGlobalSection
	GlobalSection(ProjectConfigurationPlatforms) = postSolution
		{ABBF6198-BD7C-4BCE-9A16-4E66ADBC5843}.Debug|Any CPU.ActiveCfg = Debug|Any CPU
		{ABBF6198-BD7C-4BCE-9A16-4E66ADBC5843}.Debug|Any CPU.Build.0 = Debug|Any CPU
		{ABBF6198-BD7C-4BCE-9A16-4E66ADBC5843}.Release|Any CPU.ActiveCfg = Release|Any CPU
		{ABBF6198-BD7C-4BCE-9A16-4E66ADBC5843}.Release|Any CPU.Build.0 = Release|Any CPU
	EndGlobalSection
	GlobalSection(SolutionProperties) = preSolution
		HideSolutionNode = FALSE
	EndGlobalSection
	GlobalSection(ExtensibilityGlobals) = postSolution
		SolutionGuid = {8B5DAE8F-3B8B-4EFC-A8FA-F9D78C82633C}
	EndGlobalSection
EndGlobal
